# THIS IS AN AUTOGENERATED FILE. DO NOT EDIT THIS FILE DIRECTLY.
# yarn lockfile v1


JSONStream@^1.0.4:
  version "1.3.1"
  resolved "https://registry.yarnpkg.com/JSONStream/-/JSONStream-1.3.1.tgz#707f761e01dae9e16f1bcf93703b78c70966579a"
  dependencies:
    jsonparse "^1.2.0"
    through ">=2.2.7 <3"

add-stream@^1.0.0:
  version "1.0.0"
  resolved "https://registry.yarnpkg.com/add-stream/-/add-stream-1.0.0.tgz#6a7990437ca736d5e1288db92bd3266d5f5cb2aa"

align-text@^0.1.1, align-text@^0.1.3:
  version "0.1.4"
  resolved "https://registry.yarnpkg.com/align-text/-/align-text-0.1.4.tgz#0cd90a561093f35d0a99256c22b7069433fad117"
  dependencies:
    kind-of "^3.0.2"
    longest "^1.0.1"
    repeat-string "^1.5.2"

amdefine@>=0.0.4:
  version "1.0.1"
  resolved "https://registry.yarnpkg.com/amdefine/-/amdefine-1.0.1.tgz#4a5282ac164729e93619bcfd3ad151f817ce91f5"

ansi-red@^0.1.1:
  version "0.1.1"
  resolved "https://registry.yarnpkg.com/ansi-red/-/ansi-red-0.1.1.tgz#8c638f9d1080800a353c9c28c8a81ca4705d946c"
  dependencies:
    ansi-wrap "0.1.0"

ansi-wrap@0.1.0:
  version "0.1.0"
  resolved "https://registry.yarnpkg.com/ansi-wrap/-/ansi-wrap-0.1.0.tgz#a82250ddb0015e9a27ca82e82ea603bbfa45efaf"

argparse@^1.0.7:
  version "1.0.9"
  resolved "https://registry.yarnpkg.com/argparse/-/argparse-1.0.9.tgz#73d83bc263f86e97f8cc4f6bae1b0e90a7d22c86"
  dependencies:
    sprintf-js "~1.0.2"

array-find-index@^1.0.1:
  version "1.0.2"
  resolved "https://registry.yarnpkg.com/array-find-index/-/array-find-index-1.0.2.tgz#df010aa1287e164bbda6f9723b0a96a1ec4187a1"

array-ify@^1.0.0:
  version "1.0.0"
  resolved "https://registry.yarnpkg.com/array-ify/-/array-ify-1.0.0.tgz#9e528762b4a9066ad163a6962a364418e9626ece"

array-iterate@^1.0.0:
  version "1.1.0"
  resolved "https://registry.yarnpkg.com/array-iterate/-/array-iterate-1.1.0.tgz#4f13148ffffa5f2756b50460e5eac8eed31a14e6"
  dependencies:
    has "^1.0.1"

asap@~2.0.3:
  version "2.0.5"
  resolved "https://registry.yarnpkg.com/asap/-/asap-2.0.5.tgz#522765b50c3510490e52d7dcfe085ef9ba96958f"

async@^1.4.0:
  version "1.5.2"
  resolved "https://registry.yarnpkg.com/async/-/async-1.5.2.tgz#ec6a61ae56480c0c3cb241c95618e20892f9672a"

bail@^1.0.0:
  version "1.0.1"
  resolved "https://registry.yarnpkg.com/bail/-/bail-1.0.1.tgz#912579de8b391aadf3c5fdf4cd2a0fc225df3bc2"

builtin-modules@^1.0.0:
  version "1.1.1"
  resolved "https://registry.yarnpkg.com/builtin-modules/-/builtin-modules-1.1.1.tgz#270f076c5a72c02f5b65a47df94c5fe3a278892f"

camelcase-keys@^2.0.0:
  version "2.1.0"
  resolved "https://registry.yarnpkg.com/camelcase-keys/-/camelcase-keys-2.1.0.tgz#308beeaffdf28119051efa1d932213c91b8f92e7"
  dependencies:
    camelcase "^2.0.0"
    map-obj "^1.0.0"

camelcase@^1.0.2:
  version "1.2.1"
  resolved "https://registry.yarnpkg.com/camelcase/-/camelcase-1.2.1.tgz#9bb5304d2e0b56698b2c758b08a3eaa9daa58a39"

camelcase@^2.0.0:
  version "2.1.1"
  resolved "https://registry.yarnpkg.com/camelcase/-/camelcase-2.1.1.tgz#7c1d16d679a1bbe59ca02cacecfb011e201f5a1f"

ccount@^1.0.0:
  version "1.0.1"
  resolved "https://registry.yarnpkg.com/ccount/-/ccount-1.0.1.tgz#665687945168c218ec77ff61a4155ae00227a96c"

center-align@^0.1.1:
  version "0.1.3"
  resolved "https://registry.yarnpkg.com/center-align/-/center-align-0.1.3.tgz#aa0d32629b6ee972200411cbd4461c907bc2b7ad"
  dependencies:
    align-text "^0.1.3"
    lazy-cache "^1.0.3"

character-entities-html4@^1.0.0:
  version "1.1.0"
  resolved "https://registry.yarnpkg.com/character-entities-html4/-/character-entities-html4-1.1.0.tgz#1ab08551d3ce1fa1df08d00fb9ca1defb147a06c"

character-entities-legacy@^1.0.0:
  version "1.1.0"
  resolved "https://registry.yarnpkg.com/character-entities-legacy/-/character-entities-legacy-1.1.0.tgz#b18aad98f6b7bcc646c1e4c81f9f1956376a561a"

character-entities@^1.0.0:
  version "1.2.0"
  resolved "https://registry.yarnpkg.com/character-entities/-/character-entities-1.2.0.tgz#a683e2cf75dbe8b171963531364e58e18a1b155f"

character-reference-invalid@^1.0.0:
  version "1.1.0"
  resolved "https://registry.yarnpkg.com/character-reference-invalid/-/character-reference-invalid-1.1.0.tgz#dec9ad1dfb9f8d06b4fcdaa2adc3c4fd97af1e68"

cliui@^2.1.0:
  version "2.1.0"
  resolved "https://registry.yarnpkg.com/cliui/-/cliui-2.1.0.tgz#4b475760ff80264c762c3a1719032e91c7fea0d1"
  dependencies:
    center-align "^0.1.1"
    right-align "^0.1.1"
    wordwrap "0.0.2"

coffee-script@^1.12.4:
  version "1.12.6"
  resolved "https://registry.yarnpkg.com/coffee-script/-/coffee-script-1.12.6.tgz#285a3f7115689065064d6bf9ef4572db66695cbf"

collapse-white-space@^1.0.0, collapse-white-space@^1.0.2:
  version "1.0.2"
  resolved "https://registry.yarnpkg.com/collapse-white-space/-/collapse-white-space-1.0.2.tgz#9c463fb9c6d190d2dcae21a356a01bcae9eeef6d"

comma-separated-tokens@^1.0.0, comma-separated-tokens@^1.0.1:
  version "1.0.3"
  resolved "https://registry.yarnpkg.com/comma-separated-tokens/-/comma-separated-tokens-1.0.3.tgz#6eb01f4730bde7a7fce5d5e2d943bdd637272801"
  dependencies:
    trim "0.0.1"

compare-func@^1.3.1:
  version "1.3.2"
  resolved "https://registry.yarnpkg.com/compare-func/-/compare-func-1.3.2.tgz#99dd0ba457e1f9bc722b12c08ec33eeab31fa648"
  dependencies:
    array-ify "^1.0.0"
    dot-prop "^3.0.0"

conventional-changelog-angular@^0.1.0:
  version "0.1.0"
  resolved "https://registry.yarnpkg.com/conventional-changelog-angular/-/conventional-changelog-angular-0.1.0.tgz#ac3d4b869878de5ad57726696b21eedd798ae3c7"
  dependencies:
    compare-func "^1.3.1"
    q "^1.4.1"

conventional-changelog-core@^0.0.2:
  version "0.0.2"
  resolved "https://registry.yarnpkg.com/conventional-changelog-core/-/conventional-changelog-core-0.0.2.tgz#795a298de84f8801398cd0fee20fb799a1f02089"
  dependencies:
    conventional-changelog-writer "^0.4.1"
    conventional-commits-parser "^0.1.2"
    dateformat "^1.0.12"
    get-pkg-repo "^0.1.0"
    git-raw-commits "^0.1.2"
    git-semver-tags "^1.1.0"
    lodash "^4.0.0"
    q "^1.4.1"
    read-pkg "^1.1.0"
    read-pkg-up "^1.0.1"
    through2 "^2.0.0"

conventional-changelog-writer@^0.4.1:
  version "0.4.2"
  resolved "https://registry.yarnpkg.com/conventional-changelog-writer/-/conventional-changelog-writer-0.4.2.tgz#ccb03c5ebd17ceb94a236cb80b27f4ef6bee7731"
  dependencies:
    compare-func "^1.3.1"
    conventional-commits-filter "^0.1.0"
    dateformat "^1.0.11"
    handlebars "^4.0.2"
    lodash "^4.0.0"
    meow "^3.3.0"
    semver "^5.0.1"
    split "^1.0.0"
    through2 "^2.0.0"

conventional-commits-filter@^0.1.0:
  version "0.1.1"
  resolved "https://registry.yarnpkg.com/conventional-commits-filter/-/conventional-commits-filter-0.1.1.tgz#d9d26c7599f89de3d249cba3def7911fc51c0dab"
  dependencies:
    is-subset "^0.1.1"
    modify-values "^1.0.0"

conventional-commits-parser@^0.1.2:
  version "0.1.2"
  resolved "https://registry.yarnpkg.com/conventional-commits-parser/-/conventional-commits-parser-0.1.2.tgz#4a624010634f02122520ecbaf19ca0ba23120437"
  dependencies:
    JSONStream "^1.0.4"
    is-text-path "^1.0.0"
    lodash "^3.3.1"
    meow "^3.3.0"
    split "^1.0.0"
    through2 "^2.0.0"
    trim-off-newlines "^1.0.0"

core-js@^1.0.0:
  version "1.2.7"
  resolved "https://registry.yarnpkg.com/core-js/-/core-js-1.2.7.tgz#652294c14651db28fa93bd2d5ff2983a4f08c636"

core-util-is@~1.0.0:
  version "1.0.2"
  resolved "https://registry.yarnpkg.com/core-util-is/-/core-util-is-1.0.2.tgz#b5fd54220aa2bc5ab57aab7140c940754503c1a7"

currently-unhandled@^0.4.1:
  version "0.4.1"
  resolved "https://registry.yarnpkg.com/currently-unhandled/-/currently-unhandled-0.4.1.tgz#988df33feab191ef799a61369dd76c17adf957ea"
  dependencies:
    array-find-index "^1.0.1"

dargs@^4.0.1:
  version "4.1.0"
  resolved "https://registry.yarnpkg.com/dargs/-/dargs-4.1.0.tgz#03a9dbb4b5c2f139bf14ae53f0b8a2a6a86f4e17"
  dependencies:
    number-is-nan "^1.0.0"

dateformat@^1.0.11, dateformat@^1.0.12:
  version "1.0.12"
  resolved "https://registry.yarnpkg.com/dateformat/-/dateformat-1.0.12.tgz#9f124b67594c937ff706932e4a642cca8dbbfee9"
  dependencies:
    get-stdin "^4.0.1"
    meow "^3.3.0"

debug@^2.6.0:
  version "2.6.8"
  resolved "https://registry.yarnpkg.com/debug/-/debug-2.6.8.tgz#e731531ca2ede27d188222427da17821d68ff4fc"
  dependencies:
    ms "2.0.0"

decamelize@^1.0.0, decamelize@^1.1.2:
  version "1.2.0"
  resolved "https://registry.yarnpkg.com/decamelize/-/decamelize-1.2.0.tgz#f6534d15148269b20352e7bee26f501f9a191290"

deepmerge@^1.3.2:
  version "1.3.2"
  resolved "https://registry.yarnpkg.com/deepmerge/-/deepmerge-1.3.2.tgz#1663691629d4dbfe364fa12a2a4f0aa86aa3a050"

define-properties@^1.1.1:
  version "1.1.2"
  resolved "https://registry.yarnpkg.com/define-properties/-/define-properties-1.1.2.tgz#83a73f2fea569898fb737193c8f873caf6d45c94"
  dependencies:
    foreach "^2.0.5"
    object-keys "^1.0.8"

detab@^2.0.0:
  version "2.0.0"
  resolved "https://registry.yarnpkg.com/detab/-/detab-2.0.0.tgz#485bd7954d2348092e998f7ff1a79fd9869d9b50"
  dependencies:
    repeat-string "^1.5.4"

dot-prop@^3.0.0:
  version "3.0.0"
  resolved "https://registry.yarnpkg.com/dot-prop/-/dot-prop-3.0.0.tgz#1b708af094a49c9a0e7dbcad790aba539dac1177"
  dependencies:
    is-obj "^1.0.0"

"emoji-regex@>=6.0.0 <=6.1.1":
  version "6.1.1"
  resolved "https://registry.yarnpkg.com/emoji-regex/-/emoji-regex-6.1.1.tgz#c6cd0ec1b0642e2a3c67a1137efc5e796da4f88e"

encoding@^0.1.11:
  version "0.1.12"
  resolved "https://registry.yarnpkg.com/encoding/-/encoding-0.1.12.tgz#538b66f3ee62cd1ab51ec323829d1f9480c74beb"
  dependencies:
    iconv-lite "~0.4.13"

error-ex@^1.2.0:
  version "1.3.1"
  resolved "https://registry.yarnpkg.com/error-ex/-/error-ex-1.3.1.tgz#f855a86ce61adc4e8621c3cda21e7a7612c3a8dc"
  dependencies:
    is-arrayish "^0.2.1"

esprima@^3.1.1:
  version "3.1.3"
  resolved "https://registry.yarnpkg.com/esprima/-/esprima-3.1.3.tgz#fdca51cee6133895e3c88d535ce49dbff62a4633"

extend-shallow@^2.0.1:
  version "2.0.1"
  resolved "https://registry.yarnpkg.com/extend-shallow/-/extend-shallow-2.0.1.tgz#51af7d614ad9a9f610ea1bafbb989d6b1c56890f"
  dependencies:
    is-extendable "^0.1.0"

extend@^3.0.0:
  version "3.0.1"
  resolved "https://registry.yarnpkg.com/extend/-/extend-3.0.1.tgz#a755ea7bc1adfcc5a31ce7e762dbaadc5e636444"

fbjs@^0.8.9:
  version "0.8.12"
  resolved "https://registry.yarnpkg.com/fbjs/-/fbjs-0.8.12.tgz#10b5d92f76d45575fd63a217d4ea02bea2f8ed04"
  dependencies:
    core-js "^1.0.0"
    isomorphic-fetch "^2.1.1"
    loose-envify "^1.0.0"
    object-assign "^4.1.0"
    promise "^7.1.1"
    setimmediate "^1.0.5"
    ua-parser-js "^0.7.9"

find-up@^1.0.0:
  version "1.1.2"
  resolved "https://registry.yarnpkg.com/find-up/-/find-up-1.1.2.tgz#6b2e9822b1a2ce0a60ab64d610eccad53cb24d0f"
  dependencies:
    path-exists "^2.0.0"
    pinkie-promise "^2.0.0"

foreach@^2.0.5:
  version "2.0.5"
  resolved "https://registry.yarnpkg.com/foreach/-/foreach-2.0.5.tgz#0bee005018aeb260d0a3af3ae658dd0136ec1b99"

function-bind@^1.0.2:
  version "1.1.0"
  resolved "https://registry.yarnpkg.com/function-bind/-/function-bind-1.1.0.tgz#16176714c801798e4e8f2cf7f7529467bb4a5771"

get-pkg-repo@^0.1.0:
  version "0.1.0"
  resolved "https://registry.yarnpkg.com/get-pkg-repo/-/get-pkg-repo-0.1.0.tgz#7f04d968564bf9cd2e901810577f84c37f2b03bd"
  dependencies:
    hosted-git-info "^2.1.4"
    meow "^3.3.0"
    normalize-package-data "^2.3.0"
    through2 "^2.0.0"

get-stdin@^4.0.1:
  version "4.0.1"
  resolved "https://registry.yarnpkg.com/get-stdin/-/get-stdin-4.0.1.tgz#b968c6b0a04384324902e8bf1a5df32579a450fe"

git-raw-commits@^0.1.2:
  version "0.1.2"
  resolved "https://registry.yarnpkg.com/git-raw-commits/-/git-raw-commits-0.1.2.tgz#2becbdcd3f96ef0b19f16863f7a2f6d9d8ab8369"
  dependencies:
    dargs "^4.0.1"
    lodash.template "^3.6.1"
    meow "^3.1.0"
    split2 "^1.0.0"
    through2 "^2.0.0"

git-semver-tags@^1.1.0:
  version "1.2.0"
  resolved "https://registry.yarnpkg.com/git-semver-tags/-/git-semver-tags-1.2.0.tgz#b31fd02c8ab578bd6c9b5cacca5e1c64c1177ac1"
  dependencies:
    meow "^3.3.0"
    semver "^5.0.1"

github-slugger@^1.0.0, github-slugger@^1.1.1:
  version "1.1.3"
  resolved "https://registry.yarnpkg.com/github-slugger/-/github-slugger-1.1.3.tgz#314a6e759a18c2b0cc5760d512ccbab549c549a7"
  dependencies:
    emoji-regex ">=6.0.0 <=6.1.1"

graceful-fs@^4.1.2:
  version "4.1.11"
  resolved "https://registry.yarnpkg.com/graceful-fs/-/graceful-fs-4.1.11.tgz#0e8bdfe4d1ddb8854d64e04ea7c00e2a026e5658"

gray-matter@^2.1.1:
  version "2.1.1"
  resolved "https://registry.yarnpkg.com/gray-matter/-/gray-matter-2.1.1.tgz#3042d9adec2a1ded6a7707a9ed2380f8a17a430e"
  dependencies:
    ansi-red "^0.1.1"
    coffee-script "^1.12.4"
    extend-shallow "^2.0.1"
    js-yaml "^3.8.1"
    toml "^2.3.2"

handlebars@^4.0.2:
  version "4.0.10"
  resolved "https://registry.yarnpkg.com/handlebars/-/handlebars-4.0.10.tgz#3d30c718b09a3d96f23ea4cc1f403c4d3ba9ff4f"
  dependencies:
    async "^1.4.0"
    optimist "^0.6.1"
    source-map "^0.4.4"
  optionalDependencies:
    uglify-js "^2.6"

has@^1.0.1:
  version "1.0.1"
  resolved "https://registry.yarnpkg.com/has/-/has-1.0.1.tgz#8461733f538b0837c9361e39a9ab9e9704dc2f28"
  dependencies:
    function-bind "^1.0.2"

hast-to-hyperscript@^2.0.1:
  version "2.1.0"
  resolved "https://registry.yarnpkg.com/hast-to-hyperscript/-/hast-to-hyperscript-2.1.0.tgz#92cc3b337d411a532a64f8f281bb00a44a20bd5d"
  dependencies:
    comma-separated-tokens "^1.0.0"
    is-nan "^1.2.1"
    kebab-case "^1.0.0"
    property-information "^3.0.0"
    space-separated-tokens "^1.0.0"
    trim "0.0.1"
    unist-util-is "^2.0.0"

hast-util-is-element@^1.0.0:
  version "1.0.0"
  resolved "https://registry.yarnpkg.com/hast-util-is-element/-/hast-util-is-element-1.0.0.tgz#3f7216978b2ae14d98749878782675f33be3ce00"

hast-util-sanitize@^1.0.0, hast-util-sanitize@^1.1.0:
  version "1.1.0"
  resolved "https://registry.yarnpkg.com/hast-util-sanitize/-/hast-util-sanitize-1.1.0.tgz#9b4bc3731043fe92e1253a9a4ca7bcc4148d06f2"
  dependencies:
    has "^1.0.1"
    xtend "^4.0.1"

hast-util-to-html@^3.0.0:
  version "3.0.0"
  resolved "https://registry.yarnpkg.com/hast-util-to-html/-/hast-util-to-html-3.0.0.tgz#19a257cd7af464777c1cccf4d2d53d33147466c1"
  dependencies:
    ccount "^1.0.0"
    comma-separated-tokens "^1.0.1"
    has "^1.0.1"
    hast-util-is-element "^1.0.0"
    hast-util-whitespace "^1.0.0"
    html-void-elements "^1.0.0"
    kebab-case "^1.0.0"
    property-information "^3.1.0"
    space-separated-tokens "^1.0.0"
    stringify-entities "^1.0.1"
    unist-util-is "^2.0.0"
    xtend "^4.0.1"

hast-util-whitespace@^1.0.0:
  version "1.0.0"
  resolved "https://registry.yarnpkg.com/hast-util-whitespace/-/hast-util-whitespace-1.0.0.tgz#bd096919625d2936e1ff17bc4df7fd727f17ece9"

hosted-git-info@^2.1.4:
  version "2.4.2"
  resolved "https://registry.yarnpkg.com/hosted-git-info/-/hosted-git-info-2.4.2.tgz#0076b9f46a270506ddbaaea56496897460612a67"

html-void-elements@^1.0.0:
  version "1.0.1"
  resolved "https://registry.yarnpkg.com/html-void-elements/-/html-void-elements-1.0.1.tgz#f929bea267a19e3535950502ca12c159f1b559af"

iconv-lite@~0.4.13:
  version "0.4.17"
  resolved "https://registry.yarnpkg.com/iconv-lite/-/iconv-lite-0.4.17.tgz#4fdaa3b38acbc2c031b045d0edcdfe1ecab18c8d"

indent-string@^2.1.0:
  version "2.1.0"
  resolved "https://registry.yarnpkg.com/indent-string/-/indent-string-2.1.0.tgz#8e2d48348742121b4a8218b7a137e9a52049dc80"
  dependencies:
    repeating "^2.0.0"

inherits@^2.0.1, inherits@~2.0.1:
  version "2.0.3"
  resolved "https://registry.yarnpkg.com/inherits/-/inherits-2.0.3.tgz#633c2c83e3da42a502f52466022480f4208261de"

is-alphabetical@^1.0.0:
  version "1.0.0"
  resolved "https://registry.yarnpkg.com/is-alphabetical/-/is-alphabetical-1.0.0.tgz#e2544c13058255f2144cb757066cd3342a1c8c46"

is-alphanumeric@^1.0.0:
  version "1.0.0"
  resolved "https://registry.yarnpkg.com/is-alphanumeric/-/is-alphanumeric-1.0.0.tgz#4a9cef71daf4c001c1d81d63d140cf53fd6889f4"

is-alphanumerical@^1.0.0:
  version "1.0.0"
  resolved "https://registry.yarnpkg.com/is-alphanumerical/-/is-alphanumerical-1.0.0.tgz#e06492e719c1bf15dec239e4f1af5f67b4d6e7bf"
  dependencies:
    is-alphabetical "^1.0.0"
    is-decimal "^1.0.0"

is-arrayish@^0.2.1:
  version "0.2.1"
  resolved "https://registry.yarnpkg.com/is-arrayish/-/is-arrayish-0.2.1.tgz#77c99840527aa8ecb1a8ba697b80645a7a926a9d"

is-buffer@^1.1.4, is-buffer@^1.1.5:
  version "1.1.5"
  resolved "https://registry.yarnpkg.com/is-buffer/-/is-buffer-1.1.5.tgz#1f3b26ef613b214b88cbca23cc6c01d87961eecc"

is-builtin-module@^1.0.0:
  version "1.0.0"
  resolved "https://registry.yarnpkg.com/is-builtin-module/-/is-builtin-module-1.0.0.tgz#540572d34f7ac3119f8f76c30cbc1b1e037affbe"
  dependencies:
    builtin-modules "^1.0.0"

is-decimal@^1.0.0:
  version "1.0.0"
  resolved "https://registry.yarnpkg.com/is-decimal/-/is-decimal-1.0.0.tgz#940579b6ea63c628080a69e62bda88c8470b4fe0"

is-extendable@^0.1.0:
  version "0.1.1"
  resolved "https://registry.yarnpkg.com/is-extendable/-/is-extendable-0.1.1.tgz#62b110e289a471418e3ec36a617d472e301dfc89"

is-finite@^1.0.0:
  version "1.0.2"
  resolved "https://registry.yarnpkg.com/is-finite/-/is-finite-1.0.2.tgz#cc6677695602be550ef11e8b4aa6305342b6d0aa"
  dependencies:
    number-is-nan "^1.0.0"

is-hexadecimal@^1.0.0:
  version "1.0.0"
  resolved "https://registry.yarnpkg.com/is-hexadecimal/-/is-hexadecimal-1.0.0.tgz#5c459771d2af9a2e3952781fd54fcb1bcfe4113c"

is-nan@^1.2.1:
  version "1.2.1"
  resolved "https://registry.yarnpkg.com/is-nan/-/is-nan-1.2.1.tgz#9faf65b6fb6db24b7f5c0628475ea71f988401e2"
  dependencies:
    define-properties "^1.1.1"

is-obj@^1.0.0:
  version "1.0.1"
  resolved "https://registry.yarnpkg.com/is-obj/-/is-obj-1.0.1.tgz#3e4729ac1f5fde025cd7d83a896dab9f4f67db0f"

is-plain-obj@^1.1.0:
  version "1.1.0"
  resolved "https://registry.yarnpkg.com/is-plain-obj/-/is-plain-obj-1.1.0.tgz#71a50c8429dfca773c92a390a4a03b39fcd51d3e"

is-stream@^1.0.1:
  version "1.1.0"
  resolved "https://registry.yarnpkg.com/is-stream/-/is-stream-1.1.0.tgz#12d4a3dd4e68e0b79ceb8dbc84173ae80d91ca44"

is-subset@^0.1.1:
  version "0.1.1"
  resolved "https://registry.yarnpkg.com/is-subset/-/is-subset-0.1.1.tgz#8a59117d932de1de00f245fcdd39ce43f1e939a6"

is-text-path@^1.0.0:
  version "1.0.1"
  resolved "https://registry.yarnpkg.com/is-text-path/-/is-text-path-1.0.1.tgz#4e1aa0fb51bfbcb3e92688001397202c1775b66e"
  dependencies:
    text-extensions "^1.0.0"

is-utf8@^0.2.0:
  version "0.2.1"
  resolved "https://registry.yarnpkg.com/is-utf8/-/is-utf8-0.2.1.tgz#4b0da1442104d1b336340e80797e865cf39f7d72"

is-whitespace-character@^1.0.0:
  version "1.0.0"
  resolved "https://registry.yarnpkg.com/is-whitespace-character/-/is-whitespace-character-1.0.0.tgz#bbf4a83764ead0d451bec2a55218e91961adc275"

is-word-character@^1.0.0:
  version "1.0.0"
  resolved "https://registry.yarnpkg.com/is-word-character/-/is-word-character-1.0.0.tgz#a3a9e5ddad70c5c2ee36f4a9cfc9a53f44535247"

isarray@~1.0.0:
  version "1.0.0"
  resolved "https://registry.yarnpkg.com/isarray/-/isarray-1.0.0.tgz#bb935d48582cba168c06834957a54a3e07124f11"

isomorphic-fetch@^2.1.1:
  version "2.2.1"
  resolved "https://registry.yarnpkg.com/isomorphic-fetch/-/isomorphic-fetch-2.2.1.tgz#611ae1acf14f5e81f729507472819fe9733558a9"
  dependencies:
    node-fetch "^1.0.1"
    whatwg-fetch ">=0.10.0"

js-tokens@^3.0.0:
  version "3.0.1"
  resolved "https://registry.yarnpkg.com/js-tokens/-/js-tokens-3.0.1.tgz#08e9f132484a2c45a30907e9dc4d5567b7f114d7"

js-yaml@^3.8.1:
  version "3.8.4"
  resolved "https://registry.yarnpkg.com/js-yaml/-/js-yaml-3.8.4.tgz#520b4564f86573ba96662af85a8cafa7b4b5a6f6"
  dependencies:
    argparse "^1.0.7"
    esprima "^3.1.1"

jsonparse@^1.2.0:
  version "1.3.1"
  resolved "https://registry.yarnpkg.com/jsonparse/-/jsonparse-1.3.1.tgz#3f4dae4a91fac315f71062f8521cc239f1366280"

kebab-case@^1.0.0:
  version "1.0.0"
  resolved "https://registry.yarnpkg.com/kebab-case/-/kebab-case-1.0.0.tgz#3f9e4990adcad0c686c0e701f7645868f75f91eb"

kind-of@^3.0.2:
  version "3.2.2"
  resolved "https://registry.yarnpkg.com/kind-of/-/kind-of-3.2.2.tgz#31ea21a734bab9bbb0f32466d893aea51e4a3c64"
  dependencies:
    is-buffer "^1.1.5"

lazy-cache@^1.0.3:
  version "1.0.4"
  resolved "https://registry.yarnpkg.com/lazy-cache/-/lazy-cache-1.0.4.tgz#a1d78fc3a50474cb80845d3b3b6e1da49a446e8e"

load-json-file@^1.0.0:
  version "1.1.0"
  resolved "https://registry.yarnpkg.com/load-json-file/-/load-json-file-1.1.0.tgz#956905708d58b4bab4c2261b04f59f31c99374c0"
  dependencies:
    graceful-fs "^4.1.2"
    parse-json "^2.2.0"
    pify "^2.0.0"
    pinkie-promise "^2.0.0"
    strip-bom "^2.0.0"

lodash._basecopy@^3.0.0:
  version "3.0.1"
  resolved "https://registry.yarnpkg.com/lodash._basecopy/-/lodash._basecopy-3.0.1.tgz#8da0e6a876cf344c0ad8a54882111dd3c5c7ca36"

lodash._basetostring@^3.0.0:
  version "3.0.1"
  resolved "https://registry.yarnpkg.com/lodash._basetostring/-/lodash._basetostring-3.0.1.tgz#d1861d877f824a52f669832dcaf3ee15566a07d5"

lodash._basevalues@^3.0.0:
  version "3.0.0"
  resolved "https://registry.yarnpkg.com/lodash._basevalues/-/lodash._basevalues-3.0.0.tgz#5b775762802bde3d3297503e26300820fdf661b7"

lodash._getnative@^3.0.0:
  version "3.9.1"
  resolved "https://registry.yarnpkg.com/lodash._getnative/-/lodash._getnative-3.9.1.tgz#570bc7dede46d61cdcde687d65d3eecbaa3aaff5"

lodash._isiterateecall@^3.0.0:
  version "3.0.9"
  resolved "https://registry.yarnpkg.com/lodash._isiterateecall/-/lodash._isiterateecall-3.0.9.tgz#5203ad7ba425fae842460e696db9cf3e6aac057c"

lodash._reinterpolate@^3.0.0:
  version "3.0.0"
  resolved "https://registry.yarnpkg.com/lodash._reinterpolate/-/lodash._reinterpolate-3.0.0.tgz#0ccf2d89166af03b3663c796538b75ac6e114d9d"

lodash._root@^3.0.0:
  version "3.0.1"
  resolved "https://registry.yarnpkg.com/lodash._root/-/lodash._root-3.0.1.tgz#fba1c4524c19ee9a5f8136b4609f017cf4ded692"

lodash.deburr@^4.1.0:
  version "4.1.0"
  resolved "https://registry.yarnpkg.com/lodash.deburr/-/lodash.deburr-4.1.0.tgz#ddb1bbb3ef07458c0177ba07de14422cb033ff9b"

lodash.escape@^3.0.0:
  version "3.2.0"
  resolved "https://registry.yarnpkg.com/lodash.escape/-/lodash.escape-3.2.0.tgz#995ee0dc18c1b48cc92effae71a10aab5b487698"
  dependencies:
    lodash._root "^3.0.0"

lodash.isarguments@^3.0.0:
  version "3.1.0"
  resolved "https://registry.yarnpkg.com/lodash.isarguments/-/lodash.isarguments-3.1.0.tgz#2f573d85c6a24289ff00663b491c1d338ff3458a"

lodash.isarray@^3.0.0:
  version "3.0.4"
  resolved "https://registry.yarnpkg.com/lodash.isarray/-/lodash.isarray-3.0.4.tgz#79e4eb88c36a8122af86f844aa9bcd851b5fbb55"

lodash.kebabcase@^4.1.1:
  version "4.1.1"
  resolved "https://registry.yarnpkg.com/lodash.kebabcase/-/lodash.kebabcase-4.1.1.tgz#8489b1cb0d29ff88195cceca448ff6d6cc295c36"

lodash.keys@^3.0.0:
  version "3.1.2"
  resolved "https://registry.yarnpkg.com/lodash.keys/-/lodash.keys-3.1.2.tgz#4dbc0472b156be50a0b286855d1bd0b0c656098a"
  dependencies:
    lodash._getnative "^3.0.0"
    lodash.isarguments "^3.0.0"
    lodash.isarray "^3.0.0"

lodash.restparam@^3.0.0:
  version "3.6.1"
  resolved "https://registry.yarnpkg.com/lodash.restparam/-/lodash.restparam-3.6.1.tgz#936a4e309ef330a7645ed4145986c85ae5b20805"

lodash.template@^3.6.1:
  version "3.6.2"
  resolved "https://registry.yarnpkg.com/lodash.template/-/lodash.template-3.6.2.tgz#f8cdecc6169a255be9098ae8b0c53d378931d14f"
  dependencies:
    lodash._basecopy "^3.0.0"
    lodash._basetostring "^3.0.0"
    lodash._basevalues "^3.0.0"
    lodash._isiterateecall "^3.0.0"
    lodash._reinterpolate "^3.0.0"
    lodash.escape "^3.0.0"
    lodash.keys "^3.0.0"
    lodash.restparam "^3.0.0"
    lodash.templatesettings "^3.0.0"

lodash.templatesettings@^3.0.0:
  version "3.1.1"
  resolved "https://registry.yarnpkg.com/lodash.templatesettings/-/lodash.templatesettings-3.1.1.tgz#fb307844753b66b9f1afa54e262c745307dba8e5"
  dependencies:
    lodash._reinterpolate "^3.0.0"
    lodash.escape "^3.0.0"

lodash@^3.3.1:
  version "3.10.1"
  resolved "https://registry.yarnpkg.com/lodash/-/lodash-3.10.1.tgz#5bf45e8e49ba4189e17d482789dfd15bd140b7b6"

lodash@^4.0.0, lodash@^4.1.0:
  version "4.17.4"
  resolved "https://registry.yarnpkg.com/lodash/-/lodash-4.17.4.tgz#78203a4d1c328ae1d86dca6460e369b57f4055ae"

longest-streak@^2.0.1:
  version "2.0.1"
  resolved "https://registry.yarnpkg.com/longest-streak/-/longest-streak-2.0.1.tgz#42d291b5411e40365c00e63193497e2247316e35"

longest@^1.0.1:
  version "1.0.1"
  resolved "https://registry.yarnpkg.com/longest/-/longest-1.0.1.tgz#30a0b2da38f73770e8294a0d22e6625ed77d0097"

loose-envify@^1.0.0:
  version "1.3.1"
  resolved "https://registry.yarnpkg.com/loose-envify/-/loose-envify-1.3.1.tgz#d1a8ad33fa9ce0e713d65fdd0ac8b748d478c848"
  dependencies:
    js-tokens "^3.0.0"

loud-rejection@^1.0.0:
  version "1.6.0"
  resolved "https://registry.yarnpkg.com/loud-rejection/-/loud-rejection-1.6.0.tgz#5b46f80147edee578870f086d04821cf998e551f"
  dependencies:
    currently-unhandled "^0.4.1"
    signal-exit "^3.0.0"

map-obj@^1.0.0, map-obj@^1.0.1:
  version "1.0.1"
  resolved "https://registry.yarnpkg.com/map-obj/-/map-obj-1.0.1.tgz#d933ceb9205d82bdcf4886f6742bdc2b4dea146d"

markdown-escapes@^1.0.0:
  version "1.0.0"
  resolved "https://registry.yarnpkg.com/markdown-escapes/-/markdown-escapes-1.0.0.tgz#c8ca19f1d94d682459e0a93c86db27a7ef716b23"

markdown-table@^1.1.0:
  version "1.1.0"
  resolved "https://registry.yarnpkg.com/markdown-table/-/markdown-table-1.1.0.tgz#1f5ae61659ced8808d882554c32e8b3f38dd1143"

mdast-util-compact@^1.0.0:
  version "1.0.0"
  resolved "https://registry.yarnpkg.com/mdast-util-compact/-/mdast-util-compact-1.0.0.tgz#4c94dedfe35932d5457f29b650b330fdc73e994a"
  dependencies:
    unist-util-modify-children "^1.0.0"
    unist-util-visit "^1.1.0"

mdast-util-definitions@^1.2.0:
  version "1.2.0"
  resolved "https://registry.yarnpkg.com/mdast-util-definitions/-/mdast-util-definitions-1.2.0.tgz#00f67b4289ed36bafc0977b558414ac0c5023b24"
  dependencies:
    has "^1.0.1"
    unist-util-visit "^1.0.0"

mdast-util-to-hast@^2.0.0, mdast-util-to-hast@^2.1.1:
  version "2.4.0"
  resolved "https://registry.yarnpkg.com/mdast-util-to-hast/-/mdast-util-to-hast-2.4.0.tgz#63ce8e43c61d8e5728954a3515e0c936a3b26cea"
  dependencies:
    collapse-white-space "^1.0.0"
    detab "^2.0.0"
    has "^1.0.1"
    mdast-util-definitions "^1.2.0"
    normalize-uri "^1.0.0"
    trim "0.0.1"
    trim-lines "^1.0.0"
    unist-builder "^1.0.1"
    unist-util-generated "^1.1.0"
    unist-util-position "^3.0.0"
    unist-util-visit "^1.1.0"
    xtend "^4.0.1"

mdast-util-to-string@^1.0.0, mdast-util-to-string@^1.0.2:
  version "1.0.2"
  resolved "https://registry.yarnpkg.com/mdast-util-to-string/-/mdast-util-to-string-1.0.2.tgz#dc996a24d2b521178d3fac3993680c03a683e1dd"

mdast-util-toc@^2.0.0:
  version "2.0.1"
  resolved "https://registry.yarnpkg.com/mdast-util-toc/-/mdast-util-toc-2.0.1.tgz#b1d2cb23bfb01f812fa7b55bffe8b0a8bedf6f21"
  dependencies:
    github-slugger "^1.1.1"
    mdast-util-to-string "^1.0.2"
    unist-util-visit "^1.1.0"

meow@^3.1.0, meow@^3.3.0, meow@^3.7.0:
  version "3.7.0"
  resolved "https://registry.yarnpkg.com/meow/-/meow-3.7.0.tgz#72cb668b425228290abbfa856892587308a801fb"
  dependencies:
    camelcase-keys "^2.0.0"
    decamelize "^1.1.2"
    loud-rejection "^1.0.0"
    map-obj "^1.0.1"
    minimist "^1.1.3"
    normalize-package-data "^2.3.4"
    object-assign "^4.0.1"
    read-pkg-up "^1.0.1"
    redent "^1.0.0"
    trim-newlines "^1.0.0"

minimist@^1.1.3:
  version "1.2.0"
  resolved "https://registry.yarnpkg.com/minimist/-/minimist-1.2.0.tgz#a35008b20f41383eec1fb914f4cd5df79a264284"

minimist@~0.0.1:
  version "0.0.10"
  resolved "https://registry.yarnpkg.com/minimist/-/minimist-0.0.10.tgz#de3f98543dbf96082be48ad1a0c7cda836301dcf"

modify-values@^1.0.0:
  version "1.0.0"
  resolved "https://registry.yarnpkg.com/modify-values/-/modify-values-1.0.0.tgz#e2b6cdeb9ce19f99317a53722f3dbf5df5eaaab2"

ms@2.0.0:
  version "2.0.0"
  resolved "https://registry.yarnpkg.com/ms/-/ms-2.0.0.tgz#5608aeadfc00be6c2901df5f9861788de0d597c8"

node-fetch@^1.0.1:
  version "1.7.1"
  resolved "https://registry.yarnpkg.com/node-fetch/-/node-fetch-1.7.1.tgz#899cb3d0a3c92f952c47f1b876f4c8aeabd400d5"
  dependencies:
    encoding "^0.1.11"
    is-stream "^1.0.1"

normalize-package-data@^2.3.0, normalize-package-data@^2.3.2, normalize-package-data@^2.3.4:
  version "2.3.8"
  resolved "https://registry.yarnpkg.com/normalize-package-data/-/normalize-package-data-2.3.8.tgz#d819eda2a9dedbd1ffa563ea4071d936782295bb"
  dependencies:
    hosted-git-info "^2.1.4"
    is-builtin-module "^1.0.0"
    semver "2 || 3 || 4 || 5"
    validate-npm-package-license "^3.0.1"

normalize-uri@^1.0.0:
  version "1.1.0"
  resolved "https://registry.yarnpkg.com/normalize-uri/-/normalize-uri-1.1.0.tgz#01fb440c7fd059b9d9be8645aac14341efd059dd"

number-is-nan@^1.0.0:
  version "1.0.1"
  resolved "https://registry.yarnpkg.com/number-is-nan/-/number-is-nan-1.0.1.tgz#097b602b53422a522c1afb8790318336941a011d"

object-assign@^4.0.1, object-assign@^4.1.0:
  version "4.1.1"
  resolved "https://registry.yarnpkg.com/object-assign/-/object-assign-4.1.1.tgz#2109adc7965887cfc05cbbd442cac8bfbb360863"

object-keys@^1.0.8:
  version "1.0.11"
  resolved "https://registry.yarnpkg.com/object-keys/-/object-keys-1.0.11.tgz#c54601778ad560f1142ce0e01bcca8b56d13426d"

optimist@^0.6.1:
  version "0.6.1"
  resolved "https://registry.yarnpkg.com/optimist/-/optimist-0.6.1.tgz#da3ea74686fa21a19a111c326e90eb15a0196686"
  dependencies:
    minimist "~0.0.1"
    wordwrap "~0.0.2"

os-tmpdir@^1.0.0:
  version "1.0.2"
  resolved "https://registry.yarnpkg.com/os-tmpdir/-/os-tmpdir-1.0.2.tgz#bbe67406c79aa85c5cfec766fe5734555dfa1274"

parse-entities@^1.0.2:
  version "1.1.0"
  resolved "https://registry.yarnpkg.com/parse-entities/-/parse-entities-1.1.0.tgz#4bc58f35fdc8e65dded35a12f2e40223ca24a3f7"
  dependencies:
    character-entities "^1.0.0"
    character-entities-legacy "^1.0.0"
    character-reference-invalid "^1.0.0"
    has "^1.0.1"
    is-alphanumerical "^1.0.0"
    is-decimal "^1.0.0"
    is-hexadecimal "^1.0.0"

parse-json@^2.2.0:
  version "2.2.0"
  resolved "https://registry.yarnpkg.com/parse-json/-/parse-json-2.2.0.tgz#f480f40434ef80741f8469099f8dea18f55a4dc9"
  dependencies:
    error-ex "^1.2.0"

path-exists@^2.0.0:
  version "2.1.0"
  resolved "https://registry.yarnpkg.com/path-exists/-/path-exists-2.1.0.tgz#0feb6c64f0fc518d9a754dd5efb62c7022761f4b"
  dependencies:
    pinkie-promise "^2.0.0"

path-type@^1.0.0:
  version "1.1.0"
  resolved "https://registry.yarnpkg.com/path-type/-/path-type-1.1.0.tgz#59c44f7ee491da704da415da5a4070ba4f8fe441"
  dependencies:
    graceful-fs "^4.1.2"
    pify "^2.0.0"
    pinkie-promise "^2.0.0"

pify@^2.0.0:
  version "2.3.0"
  resolved "https://registry.yarnpkg.com/pify/-/pify-2.3.0.tgz#ed141a6ac043a849ea588498e7dca8b15330e90c"

pinkie-promise@^2.0.0:
  version "2.0.1"
  resolved "https://registry.yarnpkg.com/pinkie-promise/-/pinkie-promise-2.0.1.tgz#2135d6dfa7a358c069ac9b178776288228450ffa"
  dependencies:
    pinkie "^2.0.0"

pinkie@^2.0.0:
  version "2.0.4"
  resolved "https://registry.yarnpkg.com/pinkie/-/pinkie-2.0.4.tgz#72556b80cfa0d48a974e80e77248e80ed4f7f870"

process-nextick-args@~1.0.6:
  version "1.0.7"
  resolved "https://registry.yarnpkg.com/process-nextick-args/-/process-nextick-args-1.0.7.tgz#150e20b756590ad3f91093f25a4f2ad8bff30ba3"

promise@^7.1.1:
  version "7.1.1"
  resolved "https://registry.yarnpkg.com/promise/-/promise-7.1.1.tgz#489654c692616b8aa55b0724fa809bb7db49c5bf"
  dependencies:
    asap "~2.0.3"

property-information@^3.0.0, property-information@^3.1.0:
  version "3.1.0"
  resolved "https://registry.yarnpkg.com/property-information/-/property-information-3.1.0.tgz#1581bf8a445dfbfef759775a86700e8dda18b4a1"

q@^1.4.1:
  version "1.5.0"
  resolved "https://registry.yarnpkg.com/q/-/q-1.5.0.tgz#dd01bac9d06d30e6f219aecb8253ee9ebdc308f1"

react-test-renderer@^15.5.4:
  version "15.5.4"
  resolved "https://registry.yarnpkg.com/react-test-renderer/-/react-test-renderer-15.5.4.tgz#d4ebb23f613d685ea8f5390109c2d20fbf7c83bc"
  dependencies:
    fbjs "^0.8.9"
    object-assign "^4.1.0"

read-pkg-up@^1.0.1:
  version "1.0.1"
  resolved "https://registry.yarnpkg.com/read-pkg-up/-/read-pkg-up-1.0.1.tgz#9d63c13276c065918d57f002a57f40a1b643fb02"
  dependencies:
    find-up "^1.0.0"
    read-pkg "^1.0.0"

read-pkg@^1.0.0, read-pkg@^1.1.0:
  version "1.1.0"
  resolved "https://registry.yarnpkg.com/read-pkg/-/read-pkg-1.1.0.tgz#f5ffaa5ecd29cb31c0474bca7d756b6bb29e3f28"
  dependencies:
    load-json-file "^1.0.0"
    normalize-package-data "^2.3.2"
    path-type "^1.0.0"

readable-stream@^2.1.5:
  version "2.2.11"
  resolved "https://registry.yarnpkg.com/readable-stream/-/readable-stream-2.2.11.tgz#0796b31f8d7688007ff0b93a8088d34aa17c0f72"
  dependencies:
    core-util-is "~1.0.0"
    inherits "~2.0.1"
    isarray "~1.0.0"
    process-nextick-args "~1.0.6"
    safe-buffer "~5.0.1"
    string_decoder "~1.0.0"
    util-deprecate "~1.0.1"

redent@^1.0.0:
  version "1.0.0"
  resolved "https://registry.yarnpkg.com/redent/-/redent-1.0.0.tgz#cf916ab1fd5f1f16dfb20822dd6ec7f730c2afde"
  dependencies:
    indent-string "^2.1.0"
    strip-indent "^1.0.1"

remark-autolink-headings@^5.0.0:
  version "5.0.0"
  resolved "https://registry.yarnpkg.com/remark-autolink-headings/-/remark-autolink-headings-5.0.0.tgz#9c00fed8d0ab33fba9cce83dff66a6fdd8efb31f"
  dependencies:
    unist-util-visit "^1.0.1"

remark-html@^6.0.0:
  version "6.0.0"
  resolved "https://registry.yarnpkg.com/remark-html/-/remark-html-6.0.0.tgz#ade7d94b60e452158f28615218450682601dbfc1"
  dependencies:
    hast-util-sanitize "^1.0.0"
    hast-util-to-html "^3.0.0"
    mdast-util-to-hast "^2.1.1"
    xtend "^4.0.1"

remark-parse@^3.0.0:
  version "3.0.1"
  resolved "https://registry.yarnpkg.com/remark-parse/-/remark-parse-3.0.1.tgz#1b9f841a44d8f4fbf2246850265459a4eb354c80"
  dependencies:
    collapse-white-space "^1.0.2"
    has "^1.0.1"
    is-alphabetical "^1.0.0"
    is-decimal "^1.0.0"
    is-whitespace-character "^1.0.0"
    is-word-character "^1.0.0"
    markdown-escapes "^1.0.0"
    parse-entities "^1.0.2"
    repeat-string "^1.5.4"
    state-toggle "^1.0.0"
    trim "0.0.1"
    trim-trailing-lines "^1.0.0"
    unherit "^1.0.4"
    unist-util-remove-position "^1.0.0"
    vfile-location "^2.0.0"
    xtend "^4.0.1"

remark-react@^4.0.0:
  version "4.0.0"
  resolved "https://registry.yarnpkg.com/remark-react/-/remark-react-4.0.0.tgz#2faeaf7e5ec3315a7be3b2d04b3668b98f58e015"
  dependencies:
    hast-to-hyperscript "^2.0.1"
    hast-util-sanitize "^1.0.0"
    mdast-util-to-hast "^2.0.0"
    standard-changelog "^0.0.1"
    xtend "^4.0.1"

remark-slug@^4.0.0, remark-slug@^4.2.2:
  version "4.2.2"
  resolved "https://registry.yarnpkg.com/remark-slug/-/remark-slug-4.2.2.tgz#3cfaa02e2e24d98405b296072f2ebbdfad279eb6"
  dependencies:
    github-slugger "^1.0.0"
    mdast-util-to-string "^1.0.0"
    unist-util-visit "^1.0.0"

remark-stringify@^3.0.0:
  version "3.0.1"
  resolved "https://registry.yarnpkg.com/remark-stringify/-/remark-stringify-3.0.1.tgz#79242bebe0a752081b5809516fa0c06edec069cf"
  dependencies:
    ccount "^1.0.0"
    is-alphanumeric "^1.0.0"
    is-decimal "^1.0.0"
    is-whitespace-character "^1.0.0"
    longest-streak "^2.0.1"
    markdown-escapes "^1.0.0"
    markdown-table "^1.1.0"
    mdast-util-compact "^1.0.0"
    parse-entities "^1.0.2"
    repeat-string "^1.5.4"
    state-toggle "^1.0.0"
    stringify-entities "^1.0.1"
    unherit "^1.0.4"
    xtend "^4.0.1"

remark-toc@^4.0.0:
  version "4.0.0"
  resolved "https://registry.yarnpkg.com/remark-toc/-/remark-toc-4.0.0.tgz#1e99867a1bee1caebb8fa1d9f5f7605fdf7d8c56"
  dependencies:
    mdast-util-toc "^2.0.0"
    remark-slug "^4.0.0"

remark@^7.0.0:
  version "7.0.1"
  resolved "https://registry.yarnpkg.com/remark/-/remark-7.0.1.tgz#a5de4dacfabf0f60a49826ef24c479807f904bfb"
  dependencies:
    remark-parse "^3.0.0"
    remark-stringify "^3.0.0"
    unified "^6.0.0"

repeat-string@^1.5.2, repeat-string@^1.5.4:
  version "1.6.1"
  resolved "https://registry.yarnpkg.com/repeat-string/-/repeat-string-1.6.1.tgz#8dcae470e1c88abc2d600fff4a776286da75e637"

repeating@^2.0.0:
  version "2.0.1"
  resolved "https://registry.yarnpkg.com/repeating/-/repeating-2.0.1.tgz#5214c53a926d3552707527fbab415dbc08d06dda"
  dependencies:
    is-finite "^1.0.0"

replace-ext@1.0.0:
  version "1.0.0"
  resolved "https://registry.yarnpkg.com/replace-ext/-/replace-ext-1.0.0.tgz#de63128373fcbf7c3ccfa4de5a480c45a67958eb"

right-align@^0.1.1:
  version "0.1.3"
  resolved "https://registry.yarnpkg.com/right-align/-/right-align-0.1.3.tgz#61339b722fe6a3515689210d24e14c96148613ef"
  dependencies:
    align-text "^0.1.1"

safe-buffer@~5.0.1:
  version "5.0.1"
  resolved "https://registry.yarnpkg.com/safe-buffer/-/safe-buffer-5.0.1.tgz#d263ca54696cd8a306b5ca6551e92de57918fbe7"

"semver@2 || 3 || 4 || 5", semver@^5.0.1:
  version "5.3.0"
  resolved "https://registry.yarnpkg.com/semver/-/semver-5.3.0.tgz#9b2ce5d3de02d17c6012ad326aa6b4d0cf54f94f"

setimmediate@^1.0.5:
  version "1.0.5"
  resolved "https://registry.yarnpkg.com/setimmediate/-/setimmediate-1.0.5.tgz#290cbb232e306942d7d7ea9b83732ab7856f8285"

signal-exit@^3.0.0:
  version "3.0.2"
  resolved "https://registry.yarnpkg.com/signal-exit/-/signal-exit-3.0.2.tgz#b5fdc08f1287ea1178628e415e25132b73646c6d"

source-map@^0.4.4:
  version "0.4.4"
  resolved "https://registry.yarnpkg.com/source-map/-/source-map-0.4.4.tgz#eba4f5da9c0dc999de68032d8b4f76173652036b"
  dependencies:
    amdefine ">=0.0.4"

source-map@~0.5.1:
  version "0.5.6"
  resolved "https://registry.yarnpkg.com/source-map/-/source-map-0.5.6.tgz#75ce38f52bf0733c5a7f0c118d81334a2bb5f412"

space-separated-tokens@^1.0.0:
  version "1.1.0"
  resolved "https://registry.yarnpkg.com/space-separated-tokens/-/space-separated-tokens-1.1.0.tgz#9e8c60407aa527742cd9eaee2541dec639f1269b"
  dependencies:
    trim "0.0.1"

spdx-correct@~1.0.0:
  version "1.0.2"
  resolved "https://registry.yarnpkg.com/spdx-correct/-/spdx-correct-1.0.2.tgz#4b3073d933ff51f3912f03ac5519498a4150db40"
  dependencies:
    spdx-license-ids "^1.0.2"

spdx-expression-parse@~1.0.0:
  version "1.0.4"
  resolved "https://registry.yarnpkg.com/spdx-expression-parse/-/spdx-expression-parse-1.0.4.tgz#9bdf2f20e1f40ed447fbe273266191fced51626c"

spdx-license-ids@^1.0.2:
  version "1.2.2"
  resolved "https://registry.yarnpkg.com/spdx-license-ids/-/spdx-license-ids-1.2.2.tgz#c9df7a3424594ade6bd11900d596696dc06bac57"

split2@^1.0.0:
  version "1.1.1"
  resolved "https://registry.yarnpkg.com/split2/-/split2-1.1.1.tgz#162d9b18865f02ab2f2ad9585522db9b54c481f9"
  dependencies:
    through2 "~2.0.0"

split@^1.0.0:
  version "1.0.0"
  resolved "https://registry.yarnpkg.com/split/-/split-1.0.0.tgz#c4395ce683abcd254bc28fe1dabb6e5c27dcffae"
  dependencies:
    through "2"

sprintf-js@~1.0.2:
  version "1.0.3"
  resolved "https://registry.yarnpkg.com/sprintf-js/-/sprintf-js-1.0.3.tgz#04e6926f662895354f3dd015203633b857297e2c"

standard-changelog@^0.0.1:
  version "0.0.1"
  resolved "https://registry.yarnpkg.com/standard-changelog/-/standard-changelog-0.0.1.tgz#b367266fce05ca39ef2bbc09c0d24ddbd4191891"
  dependencies:
    add-stream "^1.0.0"
    conventional-changelog-angular "^0.1.0"
    conventional-changelog-core "^0.0.2"
    lodash "^4.1.0"
    meow "^3.7.0"
    tempfile "^1.1.1"

state-toggle@^1.0.0:
  version "1.0.0"
  resolved "https://registry.yarnpkg.com/state-toggle/-/state-toggle-1.0.0.tgz#d20f9a616bb4f0c3b98b91922d25b640aa2bc425"

string_decoder@~1.0.0:
  version "1.0.2"
  resolved "https://registry.yarnpkg.com/string_decoder/-/string_decoder-1.0.2.tgz#b29e1f4e1125fa97a10382b8a533737b7491e179"
  dependencies:
    safe-buffer "~5.0.1"

stringify-entities@^1.0.1:
  version "1.3.0"
  resolved "https://registry.yarnpkg.com/stringify-entities/-/stringify-entities-1.3.0.tgz#2244a516c4f1e8e01b73dad01023016776abd917"
  dependencies:
    character-entities-html4 "^1.0.0"
    character-entities-legacy "^1.0.0"
    has "^1.0.1"
    is-alphanumerical "^1.0.0"
    is-hexadecimal "^1.0.0"

strip-bom@^2.0.0:
  version "2.0.0"
  resolved "https://registry.yarnpkg.com/strip-bom/-/strip-bom-2.0.0.tgz#6219a85616520491f35788bdbf1447a99c7e6b0e"
  dependencies:
    is-utf8 "^0.2.0"

strip-indent@^1.0.1:
  version "1.0.1"
  resolved "https://registry.yarnpkg.com/strip-indent/-/strip-indent-1.0.1.tgz#0c7962a6adefa7bbd4ac366460a638552ae1a0a2"
  dependencies:
    get-stdin "^4.0.1"

tempfile@^1.1.1:
  version "1.1.1"
  resolved "https://registry.yarnpkg.com/tempfile/-/tempfile-1.1.1.tgz#5bcc4eaecc4ab2c707d8bc11d99ccc9a2cb287f2"
  dependencies:
    os-tmpdir "^1.0.0"
    uuid "^2.0.1"

text-extensions@^1.0.0:
  version "1.5.0"
  resolved "https://registry.yarnpkg.com/text-extensions/-/text-extensions-1.5.0.tgz#d1cb2d14b5d0bc45bfdca8a08a473f68c7eb0cbc"

through2@^2.0.0, through2@~2.0.0:
  version "2.0.3"
  resolved "https://registry.yarnpkg.com/through2/-/through2-2.0.3.tgz#0004569b37c7c74ba39c43f3ced78d1ad94140be"
  dependencies:
    readable-stream "^2.1.5"
    xtend "~4.0.1"

through@2, "through@>=2.2.7 <3":
  version "2.3.8"
  resolved "https://registry.yarnpkg.com/through/-/through-2.3.8.tgz#0dd4c9ffaabc357960b1b724115d7e0e86a2e1f5"

toml@^2.3.2:
  version "2.3.2"
  resolved "https://registry.yarnpkg.com/toml/-/toml-2.3.2.tgz#5eded5ca42887924949fd06eb0e955656001e834"

trim-lines@^1.0.0:
  version "1.1.0"
  resolved "https://registry.yarnpkg.com/trim-lines/-/trim-lines-1.1.0.tgz#9926d03ede13ba18f7d42222631fb04c79ff26fe"

trim-newlines@^1.0.0:
  version "1.0.0"
  resolved "https://registry.yarnpkg.com/trim-newlines/-/trim-newlines-1.0.0.tgz#5887966bb582a4503a41eb524f7d35011815a613"

trim-off-newlines@^1.0.0:
  version "1.0.1"
  resolved "https://registry.yarnpkg.com/trim-off-newlines/-/trim-off-newlines-1.0.1.tgz#9f9ba9d9efa8764c387698bcbfeb2c848f11adb3"

trim-trailing-lines@^1.0.0:
  version "1.1.0"
  resolved "https://registry.yarnpkg.com/trim-trailing-lines/-/trim-trailing-lines-1.1.0.tgz#7aefbb7808df9d669f6da2e438cac8c46ada7684"

trim@0.0.1:
  version "0.0.1"
  resolved "https://registry.yarnpkg.com/trim/-/trim-0.0.1.tgz#5858547f6b290757ee95cccc666fb50084c460dd"

trough@^1.0.0:
  version "1.0.0"
  resolved "https://registry.yarnpkg.com/trough/-/trough-1.0.0.tgz#6bdedfe7f2aa49a6f3c432257687555957f342fd"

ua-parser-js@^0.7.9:
  version "0.7.12"
  resolved "https://registry.yarnpkg.com/ua-parser-js/-/ua-parser-js-0.7.12.tgz#04c81a99bdd5dc52263ea29d24c6bf8d4818a4bb"

uglify-js@^2.6:
  version "2.8.28"
  resolved "https://registry.yarnpkg.com/uglify-js/-/uglify-js-2.8.28.tgz#e335032df9bb20dcb918f164589d5af47f38834a"
  dependencies:
    source-map "~0.5.1"
    yargs "~3.10.0"
  optionalDependencies:
    uglify-to-browserify "~1.0.0"

uglify-to-browserify@~1.0.0:
  version "1.0.2"
  resolved "https://registry.yarnpkg.com/uglify-to-browserify/-/uglify-to-browserify-1.0.2.tgz#6e0924d6bda6b5afe349e39a6d632850a0f882b7"

unherit@^1.0.4:
  version "1.1.0"
  resolved "https://registry.yarnpkg.com/unherit/-/unherit-1.1.0.tgz#6b9aaedfbf73df1756ad9e316dd981885840cd7d"
  dependencies:
    inherits "^2.0.1"
    xtend "^4.0.1"

unified@^6.0.0:
  version "6.1.4"
  resolved "https://registry.yarnpkg.com/unified/-/unified-6.1.4.tgz#12d7a4ec35986c4a2fa0815cdfdec4be0245fca2"
  dependencies:
    bail "^1.0.0"
    extend "^3.0.0"
    has "^1.0.1"
    is-plain-obj "^1.1.0"
    trough "^1.0.0"
    vfile "^2.0.0"
    x-is-function "^1.0.4"
    x-is-string "^0.1.0"

unist-builder@^1.0.1:
  version "1.0.2"
  resolved "https://registry.yarnpkg.com/unist-builder/-/unist-builder-1.0.2.tgz#8c3b9903ef64bcfb117dd7cf6a5d98fc1b3b27b6"
  dependencies:
    object-assign "^4.1.0"

unist-util-generated@^1.1.0:
  version "1.1.0"
  resolved "https://registry.yarnpkg.com/unist-util-generated/-/unist-util-generated-1.1.0.tgz#8c95657ff12b32eaffe0731fbb37da6995fae01b"

unist-util-is@^2.0.0:
  version "2.1.0"
  resolved "https://registry.yarnpkg.com/unist-util-is/-/unist-util-is-2.1.0.tgz#d746a2702a8921b4cc356fbbd558ea05fc5052ec"

unist-util-modify-children@^1.0.0:
  version "1.1.0"
  resolved "https://registry.yarnpkg.com/unist-util-modify-children/-/unist-util-modify-children-1.1.0.tgz#559203ae85d7a76283277be1abfbaf595a177ead"
  dependencies:
    array-iterate "^1.0.0"

unist-util-position@^3.0.0:
  version "3.0.0"
  resolved "https://registry.yarnpkg.com/unist-util-position/-/unist-util-position-3.0.0.tgz#e6e1e03eeeb81c5e1afe553e8d4adfbd7c0d8f82"

unist-util-remove-position@^1.0.0:
  version "1.1.0"
  resolved "https://registry.yarnpkg.com/unist-util-remove-position/-/unist-util-remove-position-1.1.0.tgz#2444fedc344bc5f540dab6353e013b6d78101dc2"
  dependencies:
    unist-util-visit "^1.1.0"

unist-util-stringify-position@^1.0.0:
  version "1.1.1"
  resolved "https://registry.yarnpkg.com/unist-util-stringify-position/-/unist-util-stringify-position-1.1.1.tgz#3ccbdc53679eed6ecf3777dd7f5e3229c1b6aa3c"

unist-util-visit@^1.0.0, unist-util-visit@^1.0.1, unist-util-visit@^1.1.0:
  version "1.1.1"
  resolved "https://registry.yarnpkg.com/unist-util-visit/-/unist-util-visit-1.1.1.tgz#e917a3b137658b335cb4420c7da2e74d928e4e94"

util-deprecate@~1.0.1:
  version "1.0.2"
  resolved "https://registry.yarnpkg.com/util-deprecate/-/util-deprecate-1.0.2.tgz#450d4dc9fa70de732762fbd2d4a28981419a0ccf"

uuid@^2.0.1:
  version "2.0.3"
  resolved "https://registry.yarnpkg.com/uuid/-/uuid-2.0.3.tgz#67e2e863797215530dff318e5bf9dcebfd47b21a"

validate-npm-package-license@^3.0.1:
  version "3.0.1"
  resolved "https://registry.yarnpkg.com/validate-npm-package-license/-/validate-npm-package-license-3.0.1.tgz#2804babe712ad3379459acfbe24746ab2c303fbc"
  dependencies:
    spdx-correct "~1.0.0"
    spdx-expression-parse "~1.0.0"

vfile-location@^2.0.0:
  version "2.0.1"
  resolved "https://registry.yarnpkg.com/vfile-location/-/vfile-location-2.0.1.tgz#0bf8816f732b0f8bd902a56fda4c62c8e935dc52"

vfile@^2.0.0:
  version "2.1.0"
  resolved "https://registry.yarnpkg.com/vfile/-/vfile-2.1.0.tgz#d3ce8b825e7b8d53b896164341273381936f02bd"
  dependencies:
    is-buffer "^1.1.4"
    replace-ext "1.0.0"
    unist-util-stringify-position "^1.0.0"

whatwg-fetch@>=0.10.0:
  version "2.0.3"
  resolved "https://registry.yarnpkg.com/whatwg-fetch/-/whatwg-fetch-2.0.3.tgz#9c84ec2dcf68187ff00bc64e1274b442176e1c84"

window-size@0.1.0:
  version "0.1.0"
  resolved "https://registry.yarnpkg.com/window-size/-/window-size-0.1.0.tgz#5438cd2ea93b202efa3a19fe8887aee7c94f9c9d"

wordwrap@0.0.2:
  version "0.0.2"
  resolved "https://registry.yarnpkg.com/wordwrap/-/wordwrap-0.0.2.tgz#b79669bb42ecb409f83d583cad52ca17eaa1643f"

wordwrap@~0.0.2:
  version "0.0.3"
  resolved "https://registry.yarnpkg.com/wordwrap/-/wordwrap-0.0.3.tgz#a3d5da6cd5c0bc0008d37234bbaf1bed63059107"

x-is-function@^1.0.4:
  version "1.0.4"
  resolved "https://registry.yarnpkg.com/x-is-function/-/x-is-function-1.0.4.tgz#5d294dc3d268cbdd062580e0c5df77a391d1fa1e"

x-is-string@^0.1.0:
  version "0.1.0"
  resolved "https://registry.yarnpkg.com/x-is-string/-/x-is-string-0.1.0.tgz#474b50865af3a49a9c4657f05acd145458f77d82"

xtend@^4.0.1, xtend@~4.0.1:
  version "4.0.1"
  resolved "https://registry.yarnpkg.com/xtend/-/xtend-4.0.1.tgz#a5c6d532be656e23db820efb943a1f04998d63af"

yargs@~3.10.0:
  version "3.10.0"
  resolved "https://registry.yarnpkg.com/yargs/-/yargs-3.10.0.tgz#f7ee7bd857dd7c1d2d38c0e74efbd681d1431fd1"
  dependencies:
    camelcase "^1.0.2"
    cliui "^2.1.0"
    decamelize "^1.0.0"
    window-size "0.1.0"
